
Microsoft Visual Studio Solution File, Format Version 12.00
# Visual Studio Version 17
VisualStudioVersion = 17.9.34622.214
MinimumVisualStudioVersion = 10.0.40219.1
Project("{FAE04EC0-301F-11D3-BF4B-00C04F79EFBC}") = "ProyectoFinalP1", "ProyectoFinalP1\ProyectoFinalP1.csproj", "{C24A8ED0-FFCA-4675-ABFC-20F1523D253F}"
EndProject
Global
	GlobalSection(SolutionConfigurationPlatforms) = preSolution
		Debug|Any CPU = Debug|Any CPU
		Release|Any CPU = Release|Any CPU
	EndGlobalSection
	GlobalSection(ProjectConfigurationPlatforms) = postSolution
		{C24A8ED0-FFCA-4675-ABFC-20F1523D253F}.Debug|Any CPU.ActiveCfg = Debug|Any CPU
		{C24A8ED0-FFCA-4675-ABFC-20F1523D253F}.Debug|Any CPU.Build.0 = Debug|Any CPU
		{C24A8ED0-FFCA-4675-ABFC-20F1523D253F}.Release|Any CPU.ActiveCfg = Release|Any CPU
		{C24A8ED0-FFCA-4675-ABFC-20F1523D253F}.Release|Any CPU.Build.0 = Release|Any CPU
	EndGlobalSection
	GlobalSection(SolutionProperties) = preSolution
		HideSolutionNode = FALSE
	EndGlobalSection
	GlobalSection(ExtensibilityGlobals) = postSolution
		SolutionGuid = {CE7BC014-4CDE-4ADD-9ADF-2086E5F42E9E}
	EndGlobalSection
EndGlobal
